{
  "version": 4,
  "terraform_version": "1.11.2",
  "serial": 4,
  "lineage": "1e842b92-6f0a-52e7-b26a-8f12948d9e6c",
  "outputs": {},
  "resources": [
    {
      "mode": "managed",
      "type": "local_file",
      "name": "foo",
      "provider": "provider[\"registry.terraform.io/hashicorp/local\"]",
      "instances": [
        {
          "schema_version": 0,
          "attributes": {
            "content": "This is the text that is generated by Rahul Gupta",
            "content_base64": null,
            "content_base64sha256": "ytcVlT3VWpY4/8t3oKvb+fQCPlz4VoxArhtlpctykEg=",
            "content_base64sha512": "YmrWswSzfCO/J5CSvtWahUhXmUp2GIVRg09NHCchwwuBX5QuFp1r+U49Cj3G5rHixIs1VFksS3yfCc7aEvSqxQ==",
            "content_md5": "60b7ebcc4e2cc15ecf3213536ba348f7",
            "content_sha1": "957a9fae1a947376d19328083ea4a027626bdad9",
            "content_sha256": "cad715953dd55a9638ffcb77a0abdbf9f4023e5cf8568c40ae1b65a5cb729048",
            "content_sha512": "626ad6b304b37c23bf279092bed59a854857994a76188551834f4d1c2721c30b815f942e169d6bf94e3d0a3dc6e6b1e2c48b3554592c4b7c9f09ceda12f4aac5",
            "directory_permission": "0777",
            "file_permission": "0555",
            "filename": "./foo.bar",
            "id": "957a9fae1a947376d19328083ea4a027626bdad9",
            "sensitive_content": null,
            "source": null
          },
          "sensitive_attributes": [
            [
              {
                "type": "get_attr",
                "value": "sensitive_content"
              }
            ]
          ]
        }
      ]
    }
  ],
  "check_results": null
}
